
Microsoft Visual Studio Solution File, Format Version 12.00
# Visual Studio Version 16
VisualStudioVersion = 16.0.30717.126
MinimumVisualStudioVersion = 10.0.40219.1
Project("{9A19103F-16F7-4668-BE54-9A1E7A4F7556}") = "HomeTask4", "HomeTask4\HomeTask4.csproj", "{65686AA2-7476-4EC2-87E9-6EA3BC47CBAC}"
EndProject
Project("{9A19103F-16F7-4668-BE54-9A1E7A4F7556}") = "Task2", "Task2\Task2.csproj", "{0E531071-BEFA-4060-BC89-FFE56B626904}"
EndProject
Project("{FAE04EC0-301F-11D3-BF4B-00C04F79EFBC}") = "Task3", "Task3\Task3.csproj", "{EC6AAE9D-3CDF-40E6-A8D4-A5861440A67D}"
EndProject
Project("{FAE04EC0-301F-11D3-BF4B-00C04F79EFBC}") = "Task4", "Task4\Task4.csproj", "{37DF11A0-86E7-4B29-AD20-AE9D327B0CDF}"
EndProject
Project("{FAE04EC0-301F-11D3-BF4B-00C04F79EFBC}") = "Task5", "Task5\Task5.csproj", "{7B01CFC1-3305-4DF7-AFF9-2F4847A261EE}"
EndProject
Global
	GlobalSection(SolutionConfigurationPlatforms) = preSolution
		Debug|Any CPU = Debug|Any CPU
		Release|Any CPU = Release|Any CPU
	EndGlobalSection
	GlobalSection(ProjectConfigurationPlatforms) = postSolution
		{65686AA2-7476-4EC2-87E9-6EA3BC47CBAC}.Debug|Any CPU.ActiveCfg = Debug|Any CPU
		{65686AA2-7476-4EC2-87E9-6EA3BC47CBAC}.Debug|Any CPU.Build.0 = Debug|Any CPU
		{65686AA2-7476-4EC2-87E9-6EA3BC47CBAC}.Release|Any CPU.ActiveCfg = Release|Any CPU
		{65686AA2-7476-4EC2-87E9-6EA3BC47CBAC}.Release|Any CPU.Build.0 = Release|Any CPU
		{0E531071-BEFA-4060-BC89-FFE56B626904}.Debug|Any CPU.ActiveCfg = Debug|Any CPU
		{0E531071-BEFA-4060-BC89-FFE56B626904}.Debug|Any CPU.Build.0 = Debug|Any CPU
		{0E531071-BEFA-4060-BC89-FFE56B626904}.Release|Any CPU.ActiveCfg = Release|Any CPU
		{0E531071-BEFA-4060-BC89-FFE56B626904}.Release|Any CPU.Build.0 = Release|Any CPU
		{EC6AAE9D-3CDF-40E6-A8D4-A5861440A67D}.Debug|Any CPU.ActiveCfg = Debug|Any CPU
		{EC6AAE9D-3CDF-40E6-A8D4-A5861440A67D}.Debug|Any CPU.Build.0 = Debug|Any CPU
		{EC6AAE9D-3CDF-40E6-A8D4-A5861440A67D}.Release|Any CPU.ActiveCfg = Release|Any CPU
		{EC6AAE9D-3CDF-40E6-A8D4-A5861440A67D}.Release|Any CPU.Build.0 = Release|Any CPU
		{37DF11A0-86E7-4B29-AD20-AE9D327B0CDF}.Debug|Any CPU.ActiveCfg = Debug|Any CPU
		{37DF11A0-86E7-4B29-AD20-AE9D327B0CDF}.Debug|Any CPU.Build.0 = Debug|Any CPU
		{37DF11A0-86E7-4B29-AD20-AE9D327B0CDF}.Release|Any CPU.ActiveCfg = Release|Any CPU
		{37DF11A0-86E7-4B29-AD20-AE9D327B0CDF}.Release|Any CPU.Build.0 = Release|Any CPU
		{7B01CFC1-3305-4DF7-AFF9-2F4847A261EE}.Debug|Any CPU.ActiveCfg = Debug|Any CPU
		{7B01CFC1-3305-4DF7-AFF9-2F4847A261EE}.Debug|Any CPU.Build.0 = Debug|Any CPU
		{7B01CFC1-3305-4DF7-AFF9-2F4847A261EE}.Release|Any CPU.ActiveCfg = Release|Any CPU
		{7B01CFC1-3305-4DF7-AFF9-2F4847A261EE}.Release|Any CPU.Build.0 = Release|Any CPU
	EndGlobalSection
	GlobalSection(SolutionProperties) = preSolution
		HideSolutionNode = FALSE
	EndGlobalSection
	GlobalSection(ExtensibilityGlobals) = postSolution
		SolutionGuid = {0BAFC6D6-174E-4B23-8481-8B4B99E8AFCC}
	EndGlobalSection
EndGlobal
